
Microsoft Visual Studio Solution File, Format Version 12.00
# Visual Studio Version 16
VisualStudioVersion = 16.0.30204.135
MinimumVisualStudioVersion = 10.0.40219.1
Project("{FAE04EC0-301F-11D3-BF4B-00C04F79EFBC}") = "Secao_3", "Secao_3\Secao_3.csproj", "{FCFAE82C-6354-48A3-AE94-6CE0E8E2F695}"
EndProject
Global
	GlobalSection(SolutionConfigurationPlatforms) = preSolution
		Debug|Any CPU = Debug|Any CPU
		Release|Any CPU = Release|Any CPU
	EndGlobalSection
	GlobalSection(ProjectConfigurationPlatforms) = postSolution
		{FCFAE82C-6354-48A3-AE94-6CE0E8E2F695}.Debug|Any CPU.ActiveCfg = Debug|Any CPU
		{FCFAE82C-6354-48A3-AE94-6CE0E8E2F695}.Debug|Any CPU.Build.0 = Debug|Any CPU
		{FCFAE82C-6354-48A3-AE94-6CE0E8E2F695}.Release|Any CPU.ActiveCfg = Release|Any CPU
		{FCFAE82C-6354-48A3-AE94-6CE0E8E2F695}.Release|Any CPU.Build.0 = Release|Any CPU
	EndGlobalSection
	GlobalSection(SolutionProperties) = preSolution
		HideSolutionNode = FALSE
	EndGlobalSection
	GlobalSection(ExtensibilityGlobals) = postSolution
		SolutionGuid = {083F3122-C104-4248-A7E9-45AAB1D27682}
	EndGlobalSection
EndGlobal
